
Microsoft Visual Studio Solution File, Format Version 12.00
# Visual Studio Version 17
VisualStudioVersion = 17.0.31903.59
MinimumVisualStudioVersion = 10.0.40219.1
Project("{2150E333-8FDC-42A3-9474-1A3956D46DE8}") = "sdks", "sdks", "{E5A888A7-4E37-4618-9E3F-56F264C17006}"
EndProject
Project("{2150E333-8FDC-42A3-9474-1A3956D46DE8}") = "OpenMoney.CloudPayments", "OpenMoney.CloudPayments", "{7014D068-E841-4FC7-BB16-DAD52D356C0B}"
EndProject
Project("{2150E333-8FDC-42A3-9474-1A3956D46DE8}") = "src", "src", "{BECF959E-8C08-48CB-9590-AF870187DE9B}"
EndProject
Project("{FAE04EC0-301F-11D3-BF4B-00C04F79EFBC}") = "OpenMoney.CloudPayments", "sdks\OpenMoney.CloudPayments\src\OpenMoney.CloudPayments\OpenMoney.CloudPayments.csproj", "{0CEBEAAD-442A-486A-8421-74F259DD9E0A}"
EndProject
Project("{2150E333-8FDC-42A3-9474-1A3956D46DE8}") = "OpenMoney.Fiscal", "OpenMoney.Fiscal", "{6FC609A0-70B4-4F27-A6BB-B807B0D9CC08}"
EndProject
Project("{2150E333-8FDC-42A3-9474-1A3956D46DE8}") = "src", "src", "{AC762593-D288-4AEE-B5C7-AE06AA7D2EF6}"
EndProject
Project("{FAE04EC0-301F-11D3-BF4B-00C04F79EFBC}") = "OpenMoney.Fiscal", "sdks\OpenMoney.Fiscal\src\OpenMoney.Fiscal\OpenMoney.Fiscal.csproj", "{B8A2710C-6724-4F81-A55C-6834516CD9B3}"
EndProject
Project("{2150E333-8FDC-42A3-9474-1A3956D46DE8}") = "OpenMoney.Inwizo", "OpenMoney.Inwizo", "{1E7FF324-A8A6-4DC8-B1D2-F4102209292B}"
EndProject
Project("{2150E333-8FDC-42A3-9474-1A3956D46DE8}") = "src", "src", "{DEF02599-C464-4F0F-AA9A-D9298E33ABBA}"
EndProject
Project("{FAE04EC0-301F-11D3-BF4B-00C04F79EFBC}") = "OpenMoney.Inwizo", "sdks\OpenMoney.Inwizo\src\OpenMoney.Inwizo\OpenMoney.Inwizo.csproj", "{3752A139-C996-4A7D-AAFA-5CB51268D275}"
EndProject
Project("{2150E333-8FDC-42A3-9474-1A3956D46DE8}") = "OpenMoney.SelfEmployed", "OpenMoney.SelfEmployed", "{E76BA552-5E02-47E3-B273-DC2F7057037C}"
EndProject
Project("{2150E333-8FDC-42A3-9474-1A3956D46DE8}") = "src", "src", "{D52DA0C9-FF46-4A24-9265-7D959711954C}"
EndProject
Project("{FAE04EC0-301F-11D3-BF4B-00C04F79EFBC}") = "OpenMoney.SelfEmployed", "sdks\OpenMoney.SelfEmployed\src\OpenMoney.SelfEmployed\OpenMoney.SelfEmployed.csproj", "{8D0974C1-7263-4B20-9427-E9745E4AC0A0}"
EndProject
Project("{2150E333-8FDC-42A3-9474-1A3956D46DE8}") = "OpenMoney.TBank", "OpenMoney.TBank", "{1D1C6DEA-6B9C-4689-8099-4656D577B217}"
EndProject
Project("{2150E333-8FDC-42A3-9474-1A3956D46DE8}") = "src", "src", "{EAA8C2D4-464E-440C-94A7-20B7E15C015B}"
EndProject
Project("{FAE04EC0-301F-11D3-BF4B-00C04F79EFBC}") = "OpenMoney.TBank", "sdks\OpenMoney.TBank\src\OpenMoney.TBank\OpenMoney.TBank.csproj", "{B7AC5D61-4779-43F9-AB2F-4D7D37FC85AD}"
EndProject
Project("{2150E333-8FDC-42A3-9474-1A3956D46DE8}") = "OpenMoney.Tochka", "OpenMoney.Tochka", "{5C78D3D7-71F3-40FF-81DF-3F8D83204EF6}"
EndProject
Project("{2150E333-8FDC-42A3-9474-1A3956D46DE8}") = "src", "src", "{FCD9A22D-60E8-498A-B1C4-49D0A34BD211}"
EndProject
Project("{FAE04EC0-301F-11D3-BF4B-00C04F79EFBC}") = "OpenMoney.Tochka", "sdks\OpenMoney.Tochka\src\OpenMoney.Tochka\OpenMoney.Tochka.csproj", "{2FAA8E99-6BA5-45D7-9BE7-742F5B350AC7}"
EndProject
Project("{2150E333-8FDC-42A3-9474-1A3956D46DE8}") = "OpenMoney.VTB", "OpenMoney.VTB", "{13EE31F9-D9E0-4687-97A7-D5C5D7FFB425}"
EndProject
Project("{2150E333-8FDC-42A3-9474-1A3956D46DE8}") = "src", "src", "{07366DB0-A31C-40EC-BAC2-A81759C4E660}"
EndProject
Project("{FAE04EC0-301F-11D3-BF4B-00C04F79EFBC}") = "OpenMoney.VTB", "sdks\OpenMoney.VTB\src\OpenMoney.VTB\OpenMoney.VTB.csproj", "{E8C5E5D9-C9B4-4B99-B139-DF343C610A2C}"
EndProject
Project("{2150E333-8FDC-42A3-9474-1A3956D46DE8}") = "OpenMoney.Kyc", "OpenMoney.Kyc", "{4EE84AC3-1064-4AAF-8DC7-A86B5AD34574}"
EndProject
Project("{2150E333-8FDC-42A3-9474-1A3956D46DE8}") = "src", "src", "{FAFB8704-02DB-4E87-9AD5-A833B0DB2C28}"
EndProject
Project("{FAE04EC0-301F-11D3-BF4B-00C04F79EFBC}") = "OpenMoney.Kyc", "sdks\OpenMoney.Kyc\src\OpenMoney.Kyc\OpenMoney.Kyc.csproj", "{7AE9D680-7430-417E-94B7-E9311AFDB07A}"
EndProject
Project("{2150E333-8FDC-42A3-9474-1A3956D46DE8}") = "OpenMoney.YooMoney", "OpenMoney.YooMoney", "{3C8216D0-CC6A-4075-9FF3-20F9A50C7637}"
EndProject
Project("{2150E333-8FDC-42A3-9474-1A3956D46DE8}") = "src", "src", "{7758F558-45F2-4496-AC69-DD153905A879}"
EndProject
Project("{FAE04EC0-301F-11D3-BF4B-00C04F79EFBC}") = "OpenMoney.YooMoney", "sdks\OpenMoney.YooMoney\src\OpenMoney.YooMoney\OpenMoney.YooMoney.csproj", "{BE9B63A3-D501-40C4-B8BB-3315575998E5}"
EndProject
Project("{2150E333-8FDC-42A3-9474-1A3956D46DE8}") = "mcp", "mcp", "{09DAC43F-E952-405E-8637-3DC732C63BC6}"
EndProject
Project("{FAE04EC0-301F-11D3-BF4B-00C04F79EFBC}") = "OpenMoney.Mcp", "mcp\OpenMoney.Mcp\OpenMoney.Mcp.csproj", "{D4444620-D731-4690-9913-7C363BE90AF4}"
EndProject
Project("{2150E333-8FDC-42A3-9474-1A3956D46DE8}") = "examples", "examples", "{D1946130-4EF8-4BC4-B415-AD3F4AE549D8}"
EndProject
Project("{FAE04EC0-301F-11D3-BF4B-00C04F79EFBC}") = "OpenMoney.SdkExamples", "examples\OpenMoney.SdkExamples\OpenMoney.SdkExamples.csproj", "{6EAAC9F5-4D31-4B42-8532-2C45DB621D5D}"
EndProject
Global
	GlobalSection(SolutionConfigurationPlatforms) = preSolution
		Debug|Any CPU = Debug|Any CPU
		Release|Any CPU = Release|Any CPU
	EndGlobalSection
	GlobalSection(SolutionProperties) = preSolution
		HideSolutionNode = FALSE
	EndGlobalSection
	GlobalSection(ProjectConfigurationPlatforms) = postSolution
		{0CEBEAAD-442A-486A-8421-74F259DD9E0A}.Debug|Any CPU.ActiveCfg = Debug|Any CPU
		{0CEBEAAD-442A-486A-8421-74F259DD9E0A}.Debug|Any CPU.Build.0 = Debug|Any CPU
		{0CEBEAAD-442A-486A-8421-74F259DD9E0A}.Release|Any CPU.ActiveCfg = Release|Any CPU
		{0CEBEAAD-442A-486A-8421-74F259DD9E0A}.Release|Any CPU.Build.0 = Release|Any CPU
		{B8A2710C-6724-4F81-A55C-6834516CD9B3}.Debug|Any CPU.ActiveCfg = Debug|Any CPU
		{B8A2710C-6724-4F81-A55C-6834516CD9B3}.Debug|Any CPU.Build.0 = Debug|Any CPU
		{B8A2710C-6724-4F81-A55C-6834516CD9B3}.Release|Any CPU.ActiveCfg = Release|Any CPU
		{B8A2710C-6724-4F81-A55C-6834516CD9B3}.Release|Any CPU.Build.0 = Release|Any CPU
		{3752A139-C996-4A7D-AAFA-5CB51268D275}.Debug|Any CPU.ActiveCfg = Debug|Any CPU
		{3752A139-C996-4A7D-AAFA-5CB51268D275}.Debug|Any CPU.Build.0 = Debug|Any CPU
		{3752A139-C996-4A7D-AAFA-5CB51268D275}.Release|Any CPU.ActiveCfg = Release|Any CPU
		{3752A139-C996-4A7D-AAFA-5CB51268D275}.Release|Any CPU.Build.0 = Release|Any CPU
		{8D0974C1-7263-4B20-9427-E9745E4AC0A0}.Debug|Any CPU.ActiveCfg = Debug|Any CPU
		{8D0974C1-7263-4B20-9427-E9745E4AC0A0}.Debug|Any CPU.Build.0 = Debug|Any CPU
		{8D0974C1-7263-4B20-9427-E9745E4AC0A0}.Release|Any CPU.ActiveCfg = Release|Any CPU
		{8D0974C1-7263-4B20-9427-E9745E4AC0A0}.Release|Any CPU.Build.0 = Release|Any CPU
		{B7AC5D61-4779-43F9-AB2F-4D7D37FC85AD}.Debug|Any CPU.ActiveCfg = Debug|Any CPU
		{B7AC5D61-4779-43F9-AB2F-4D7D37FC85AD}.Debug|Any CPU.Build.0 = Debug|Any CPU
		{B7AC5D61-4779-43F9-AB2F-4D7D37FC85AD}.Release|Any CPU.ActiveCfg = Release|Any CPU
		{B7AC5D61-4779-43F9-AB2F-4D7D37FC85AD}.Release|Any CPU.Build.0 = Release|Any CPU
		{2FAA8E99-6BA5-45D7-9BE7-742F5B350AC7}.Debug|Any CPU.ActiveCfg = Debug|Any CPU
		{2FAA8E99-6BA5-45D7-9BE7-742F5B350AC7}.Debug|Any CPU.Build.0 = Debug|Any CPU
		{2FAA8E99-6BA5-45D7-9BE7-742F5B350AC7}.Release|Any CPU.ActiveCfg = Release|Any CPU
		{2FAA8E99-6BA5-45D7-9BE7-742F5B350AC7}.Release|Any CPU.Build.0 = Release|Any CPU
		{E8C5E5D9-C9B4-4B99-B139-DF343C610A2C}.Debug|Any CPU.ActiveCfg = Debug|Any CPU
		{E8C5E5D9-C9B4-4B99-B139-DF343C610A2C}.Debug|Any CPU.Build.0 = Debug|Any CPU
		{E8C5E5D9-C9B4-4B99-B139-DF343C610A2C}.Release|Any CPU.ActiveCfg = Release|Any CPU
		{E8C5E5D9-C9B4-4B99-B139-DF343C610A2C}.Release|Any CPU.Build.0 = Release|Any CPU
		{7AE9D680-7430-417E-94B7-E9311AFDB07A}.Debug|Any CPU.ActiveCfg = Debug|Any CPU
		{7AE9D680-7430-417E-94B7-E9311AFDB07A}.Debug|Any CPU.Build.0 = Debug|Any CPU
		{7AE9D680-7430-417E-94B7-E9311AFDB07A}.Release|Any CPU.ActiveCfg = Release|Any CPU
		{7AE9D680-7430-417E-94B7-E9311AFDB07A}.Release|Any CPU.Build.0 = Release|Any CPU
		{BE9B63A3-D501-40C4-B8BB-3315575998E5}.Debug|Any CPU.ActiveCfg = Debug|Any CPU
		{BE9B63A3-D501-40C4-B8BB-3315575998E5}.Debug|Any CPU.Build.0 = Debug|Any CPU
		{BE9B63A3-D501-40C4-B8BB-3315575998E5}.Release|Any CPU.ActiveCfg = Release|Any CPU
		{BE9B63A3-D501-40C4-B8BB-3315575998E5}.Release|Any CPU.Build.0 = Release|Any CPU
		{D4444620-D731-4690-9913-7C363BE90AF4}.Debug|Any CPU.ActiveCfg = Debug|Any CPU
		{D4444620-D731-4690-9913-7C363BE90AF4}.Debug|Any CPU.Build.0 = Debug|Any CPU
		{D4444620-D731-4690-9913-7C363BE90AF4}.Release|Any CPU.ActiveCfg = Release|Any CPU
		{D4444620-D731-4690-9913-7C363BE90AF4}.Release|Any CPU.Build.0 = Release|Any CPU
		{6EAAC9F5-4D31-4B42-8532-2C45DB621D5D}.Debug|Any CPU.ActiveCfg = Debug|Any CPU
		{6EAAC9F5-4D31-4B42-8532-2C45DB621D5D}.Debug|Any CPU.Build.0 = Debug|Any CPU
		{6EAAC9F5-4D31-4B42-8532-2C45DB621D5D}.Release|Any CPU.ActiveCfg = Release|Any CPU
		{6EAAC9F5-4D31-4B42-8532-2C45DB621D5D}.Release|Any CPU.Build.0 = Release|Any CPU
	EndGlobalSection
	GlobalSection(NestedProjects) = preSolution
		{7014D068-E841-4FC7-BB16-DAD52D356C0B} = {E5A888A7-4E37-4618-9E3F-56F264C17006}
		{BECF959E-8C08-48CB-9590-AF870187DE9B} = {7014D068-E841-4FC7-BB16-DAD52D356C0B}
		{0CEBEAAD-442A-486A-8421-74F259DD9E0A} = {BECF959E-8C08-48CB-9590-AF870187DE9B}
		{6FC609A0-70B4-4F27-A6BB-B807B0D9CC08} = {E5A888A7-4E37-4618-9E3F-56F264C17006}
		{AC762593-D288-4AEE-B5C7-AE06AA7D2EF6} = {6FC609A0-70B4-4F27-A6BB-B807B0D9CC08}
		{B8A2710C-6724-4F81-A55C-6834516CD9B3} = {AC762593-D288-4AEE-B5C7-AE06AA7D2EF6}
		{1E7FF324-A8A6-4DC8-B1D2-F4102209292B} = {E5A888A7-4E37-4618-9E3F-56F264C17006}
		{DEF02599-C464-4F0F-AA9A-D9298E33ABBA} = {1E7FF324-A8A6-4DC8-B1D2-F4102209292B}
		{3752A139-C996-4A7D-AAFA-5CB51268D275} = {DEF02599-C464-4F0F-AA9A-D9298E33ABBA}
		{E76BA552-5E02-47E3-B273-DC2F7057037C} = {E5A888A7-4E37-4618-9E3F-56F264C17006}
		{D52DA0C9-FF46-4A24-9265-7D959711954C} = {E76BA552-5E02-47E3-B273-DC2F7057037C}
		{8D0974C1-7263-4B20-9427-E9745E4AC0A0} = {D52DA0C9-FF46-4A24-9265-7D959711954C}
		{1D1C6DEA-6B9C-4689-8099-4656D577B217} = {E5A888A7-4E37-4618-9E3F-56F264C17006}
		{EAA8C2D4-464E-440C-94A7-20B7E15C015B} = {1D1C6DEA-6B9C-4689-8099-4656D577B217}
		{B7AC5D61-4779-43F9-AB2F-4D7D37FC85AD} = {EAA8C2D4-464E-440C-94A7-20B7E15C015B}
		{5C78D3D7-71F3-40FF-81DF-3F8D83204EF6} = {E5A888A7-4E37-4618-9E3F-56F264C17006}
		{FCD9A22D-60E8-498A-B1C4-49D0A34BD211} = {5C78D3D7-71F3-40FF-81DF-3F8D83204EF6}
		{2FAA8E99-6BA5-45D7-9BE7-742F5B350AC7} = {FCD9A22D-60E8-498A-B1C4-49D0A34BD211}
		{13EE31F9-D9E0-4687-97A7-D5C5D7FFB425} = {E5A888A7-4E37-4618-9E3F-56F264C17006}
		{07366DB0-A31C-40EC-BAC2-A81759C4E660} = {13EE31F9-D9E0-4687-97A7-D5C5D7FFB425}
		{E8C5E5D9-C9B4-4B99-B139-DF343C610A2C} = {07366DB0-A31C-40EC-BAC2-A81759C4E660}
		{4EE84AC3-1064-4AAF-8DC7-A86B5AD34574} = {E5A888A7-4E37-4618-9E3F-56F264C17006}
		{FAFB8704-02DB-4E87-9AD5-A833B0DB2C28} = {4EE84AC3-1064-4AAF-8DC7-A86B5AD34574}
		{7AE9D680-7430-417E-94B7-E9311AFDB07A} = {FAFB8704-02DB-4E87-9AD5-A833B0DB2C28}
		{3C8216D0-CC6A-4075-9FF3-20F9A50C7637} = {E5A888A7-4E37-4618-9E3F-56F264C17006}
		{7758F558-45F2-4496-AC69-DD153905A879} = {3C8216D0-CC6A-4075-9FF3-20F9A50C7637}
		{BE9B63A3-D501-40C4-B8BB-3315575998E5} = {7758F558-45F2-4496-AC69-DD153905A879}
		{D4444620-D731-4690-9913-7C363BE90AF4} = {09DAC43F-E952-405E-8637-3DC732C63BC6}
		{6EAAC9F5-4D31-4B42-8532-2C45DB621D5D} = {D1946130-4EF8-4BC4-B415-AD3F4AE549D8}
	EndGlobalSection
EndGlobal
